
Microsoft Visual Studio Solution File, Format Version 12.00
Project("{FAE04EC0-301F-11D3-BF4B-00C04F79EFBC}") = "SampleBlazorDashboard", "SampleBlazorDashboard.csproj", "{83126A4F-4398-48E8-B4CB-41442B3252EB}"
EndProject
Global
	GlobalSection(SolutionConfigurationPlatforms) = preSolution
		Debug|Any CPU = Debug|Any CPU
		Release|Any CPU = Release|Any CPU
	EndGlobalSection
	GlobalSection(ProjectConfigurationPlatforms) = postSolution
		{83126A4F-4398-48E8-B4CB-41442B3252EB}.Debug|Any CPU.ActiveCfg = Debug|Any CPU
		{83126A4F-4398-48E8-B4CB-41442B3252EB}.Debug|Any CPU.Build.0 = Debug|Any CPU
		{83126A4F-4398-48E8-B4CB-41442B3252EB}.Release|Any CPU.ActiveCfg = Release|Any CPU
		{83126A4F-4398-48E8-B4CB-41442B3252EB}.Release|Any CPU.Build.0 = Release|Any CPU
	EndGlobalSection
EndGlobal
